
Microsoft Visual Studio Solution File, Format Version 12.00
# Visual Studio Version 16
VisualStudioVersion = 16.0.29306.81
MinimumVisualStudioVersion = 10.0.40219.1
Project("{FAE04EC0-301F-11D3-BF4B-00C04F79EFBC}") = "RolesNLogs", "RolesNLogs\RolesNLogs.csproj", "{B305951F-FF61-490F-969B-7B1BD54EF28E}"
EndProject
Global
	GlobalSection(SolutionConfigurationPlatforms) = preSolution
		Debug|Any CPU = Debug|Any CPU
		Release|Any CPU = Release|Any CPU
	EndGlobalSection
	GlobalSection(ProjectConfigurationPlatforms) = postSolution
		{B305951F-FF61-490F-969B-7B1BD54EF28E}.Debug|Any CPU.ActiveCfg = Debug|Any CPU
		{B305951F-FF61-490F-969B-7B1BD54EF28E}.Debug|Any CPU.Build.0 = Debug|Any CPU
		{B305951F-FF61-490F-969B-7B1BD54EF28E}.Release|Any CPU.ActiveCfg = Release|Any CPU
		{B305951F-FF61-490F-969B-7B1BD54EF28E}.Release|Any CPU.Build.0 = Release|Any CPU
	EndGlobalSection
	GlobalSection(SolutionProperties) = preSolution
		HideSolutionNode = FALSE
	EndGlobalSection
	GlobalSection(ExtensibilityGlobals) = postSolution
		SolutionGuid = {A02A5BA4-7EA6-4E38-A3E1-486882ABB561}
	EndGlobalSection
EndGlobal
